
Microsoft Visual Studio Solution File, Format Version 12.00
# Visual Studio Version 17
VisualStudioVersion = 17.14.36301.6 d17.14
MinimumVisualStudioVersion = 10.0.40219.1
Project("{FAE04EC0-301F-11D3-BF4B-00C04F79EFBC}") = "Caloryfi", "Caloryfi\Caloryfi.csproj", "{E96D13CA-7C1A-4AA4-9786-D5D5EA7D7F47}"
EndProject
Global
	GlobalSection(SolutionConfigurationPlatforms) = preSolution
		Debug|Any CPU = Debug|Any CPU
		Release|Any CPU = Release|Any CPU
	EndGlobalSection
	GlobalSection(ProjectConfigurationPlatforms) = postSolution
		{E96D13CA-7C1A-4AA4-9786-D5D5EA7D7F47}.Debug|Any CPU.ActiveCfg = Debug|Any CPU
		{E96D13CA-7C1A-4AA4-9786-D5D5EA7D7F47}.Debug|Any CPU.Build.0 = Debug|Any CPU
		{E96D13CA-7C1A-4AA4-9786-D5D5EA7D7F47}.Debug|Any CPU.Deploy.0 = Debug|Any CPU
		{E96D13CA-7C1A-4AA4-9786-D5D5EA7D7F47}.Release|Any CPU.ActiveCfg = Release|Any CPU
		{E96D13CA-7C1A-4AA4-9786-D5D5EA7D7F47}.Release|Any CPU.Build.0 = Release|Any CPU
	EndGlobalSection
	GlobalSection(SolutionProperties) = preSolution
		HideSolutionNode = FALSE
	EndGlobalSection
	GlobalSection(ExtensibilityGlobals) = postSolution
		SolutionGuid = {0F356A46-7503-489D-88E5-E7C6AA18A724}
	EndGlobalSection
EndGlobal
